
Microsoft Visual Studio Solution File, Format Version 12.00
# Visual Studio Version 16
VisualStudioVersion = 16.0.29920.165
MinimumVisualStudioVersion = 10.0.40219.1
Project("{FAE04EC0-301F-11D3-BF4B-00C04F79EFBC}") = "VideoGamesProject", "VideoGamesProject\VideoGamesProject.csproj", "{F9D7E638-1DF1-4431-A5BF-423ED7DC7299}"
EndProject
Global
	GlobalSection(SolutionConfigurationPlatforms) = preSolution
		Debug|Any CPU = Debug|Any CPU
		Release|Any CPU = Release|Any CPU
	EndGlobalSection
	GlobalSection(ProjectConfigurationPlatforms) = postSolution
		{F9D7E638-1DF1-4431-A5BF-423ED7DC7299}.Debug|Any CPU.ActiveCfg = Debug|Any CPU
		{F9D7E638-1DF1-4431-A5BF-423ED7DC7299}.Debug|Any CPU.Build.0 = Debug|Any CPU
		{F9D7E638-1DF1-4431-A5BF-423ED7DC7299}.Release|Any CPU.ActiveCfg = Release|Any CPU
		{F9D7E638-1DF1-4431-A5BF-423ED7DC7299}.Release|Any CPU.Build.0 = Release|Any CPU
	EndGlobalSection
	GlobalSection(SolutionProperties) = preSolution
		HideSolutionNode = FALSE
	EndGlobalSection
	GlobalSection(ExtensibilityGlobals) = postSolution
		SolutionGuid = {348FC5F7-C1FF-413A-82EA-2E4A344BF2E6}
	EndGlobalSection
EndGlobal
